
Microsoft Visual Studio Solution File, Format Version 12.00
# Visual Studio Version 16
VisualStudioVersion = 16.0.28705.295
MinimumVisualStudioVersion = 10.0.40219.1
Project("{FAE04EC0-301F-11D3-BF4B-00C04F79EFBC}") = "ElementUI", "ElementUI\ElementUI.csproj", "{6FB1F949-0DC0-4B52-AB28-98F432C9D702}"
EndProject
Project("{FAE04EC0-301F-11D3-BF4B-00C04F79EFBC}") = "ElementUI.Demo", "ElementUI.Demo\ElementUI.Demo.csproj", "{65252B35-790F-41AA-BC51-1EA2C54C642C}"
EndProject
Global
	GlobalSection(SolutionConfigurationPlatforms) = preSolution
		Debug|Any CPU = Debug|Any CPU
		Release|Any CPU = Release|Any CPU
	EndGlobalSection
	GlobalSection(ProjectConfigurationPlatforms) = postSolution
		{6FB1F949-0DC0-4B52-AB28-98F432C9D702}.Debug|Any CPU.ActiveCfg = Debug|Any CPU
		{6FB1F949-0DC0-4B52-AB28-98F432C9D702}.Debug|Any CPU.Build.0 = Debug|Any CPU
		{6FB1F949-0DC0-4B52-AB28-98F432C9D702}.Release|Any CPU.ActiveCfg = Release|Any CPU
		{6FB1F949-0DC0-4B52-AB28-98F432C9D702}.Release|Any CPU.Build.0 = Release|Any CPU
		{65252B35-790F-41AA-BC51-1EA2C54C642C}.Debug|Any CPU.ActiveCfg = Debug|Any CPU
		{65252B35-790F-41AA-BC51-1EA2C54C642C}.Debug|Any CPU.Build.0 = Debug|Any CPU
		{65252B35-790F-41AA-BC51-1EA2C54C642C}.Release|Any CPU.ActiveCfg = Release|Any CPU
		{65252B35-790F-41AA-BC51-1EA2C54C642C}.Release|Any CPU.Build.0 = Release|Any CPU
	EndGlobalSection
	GlobalSection(SolutionProperties) = preSolution
		HideSolutionNode = FALSE
	EndGlobalSection
	GlobalSection(ExtensibilityGlobals) = postSolution
		SolutionGuid = {37D4621F-62F3-4E47-A27C-B2E2F7209D86}
	EndGlobalSection
EndGlobal
